
Microsoft Visual Studio Solution File, Format Version 12.00
# Visual Studio Version 16
VisualStudioVersion = 16.0.32228.343
MinimumVisualStudioVersion = 10.0.40219.1
Project("{FAE04EC0-301F-11D3-BF4B-00C04F79EFBC}") = "WebApi", "WebApi\WebApi.csproj", "{CE26C8CC-6CE9-44C9-82DF-D840796AEDBF}"
EndProject
Global
	GlobalSection(SolutionConfigurationPlatforms) = preSolution
		Debug|Any CPU = Debug|Any CPU
		Release|Any CPU = Release|Any CPU
	EndGlobalSection
	GlobalSection(ProjectConfigurationPlatforms) = postSolution
		{CE26C8CC-6CE9-44C9-82DF-D840796AEDBF}.Debug|Any CPU.ActiveCfg = Debug|Any CPU
		{CE26C8CC-6CE9-44C9-82DF-D840796AEDBF}.Debug|Any CPU.Build.0 = Debug|Any CPU
		{CE26C8CC-6CE9-44C9-82DF-D840796AEDBF}.Release|Any CPU.ActiveCfg = Release|Any CPU
		{CE26C8CC-6CE9-44C9-82DF-D840796AEDBF}.Release|Any CPU.Build.0 = Release|Any CPU
	EndGlobalSection
	GlobalSection(SolutionProperties) = preSolution
		HideSolutionNode = FALSE
	EndGlobalSection
	GlobalSection(ExtensibilityGlobals) = postSolution
		SolutionGuid = {F43E9187-8368-4389-A982-D7FA79871FB5}
	EndGlobalSection
EndGlobal
