
Microsoft Visual Studio Solution File, Format Version 12.00
# Visual Studio Version 16
VisualStudioVersion = 16.0.32228.343
MinimumVisualStudioVersion = 10.0.40219.1
Project("{FAE04EC0-301F-11D3-BF4B-00C04F79EFBC}") = "backendTarjetas", "backendTarjetas\backendTarjetas.csproj", "{387E3C74-8641-47D9-94C7-C67B2B0F30F2}"
EndProject
Global
	GlobalSection(SolutionConfigurationPlatforms) = preSolution
		Debug|Any CPU = Debug|Any CPU
		Release|Any CPU = Release|Any CPU
	EndGlobalSection
	GlobalSection(ProjectConfigurationPlatforms) = postSolution
		{387E3C74-8641-47D9-94C7-C67B2B0F30F2}.Debug|Any CPU.ActiveCfg = Debug|Any CPU
		{387E3C74-8641-47D9-94C7-C67B2B0F30F2}.Debug|Any CPU.Build.0 = Debug|Any CPU
		{387E3C74-8641-47D9-94C7-C67B2B0F30F2}.Release|Any CPU.ActiveCfg = Release|Any CPU
		{387E3C74-8641-47D9-94C7-C67B2B0F30F2}.Release|Any CPU.Build.0 = Release|Any CPU
	EndGlobalSection
	GlobalSection(SolutionProperties) = preSolution
		HideSolutionNode = FALSE
	EndGlobalSection
	GlobalSection(ExtensibilityGlobals) = postSolution
		SolutionGuid = {64629D99-633D-4029-BAE1-49ACAA9BA783}
	EndGlobalSection
EndGlobal
